<?xml version="1.0" encoding="utf-8"?>
<Project ToolsVersion="4.0" xmlns="http://schemas.microsoft.com/developer/msbuild/2003">
  <ItemGroup>
    <Filter Include="Source Files">
      <UniqueIdentifier>{4FC737F1-C7A5-4376-A066-2A32D752A2FF}</UniqueIdentifier>
      <Extensions>cpp;c;cc;cxx;def;odl;idl;hpj;bat;asm;asmx</Extensions>
    </Filter>
    <Filter Include="Header Files">
      <UniqueIdentifier>{93995380-89BD-4b04-88EB-625FBE52EBFB}</UniqueIdentifier>
      <Extensions>h;hh;hpp;hxx;hm;inl;inc;xsd</Extensions>
    </Filter>
    <Filter Include="Resource Files">
      <UniqueIdentifier>{67DA6AB6-F800-4c08-8B7A-83BB121AAD01}</UniqueIdentifier>
      <Extensions>rc;ico;cur;bmp;dlg;rc2;rct;bin;rgs;gif;jpg;jpeg;jpe;resx;tiff;tif;png;wav;mfcribbon-ms</Extensions>
    </Filter>
    <Filter Include="Header Files\core">
      <UniqueIdentifier>{38b499dd-cae6-46d2-9d10-cbd2a1d72321}</UniqueIdentifier>
    </Filter>
    <Filter Include="Header Files\graphics">
      <UniqueIdentifier>{61299bf7-2a1f-4147-947b-ab8903b208fc}</UniqueIdentifier>
    </Filter>
    <Filter Include="Header Files\apfloat">
      <UniqueIdentifier>{da272fae-d13e-4665-9364-13a68bc7a630}</UniqueIdentifier>
    </Filter>
    <Filter Include="Header Files\math">
      <UniqueIdentifier>{0b8766f3-fb5f-4536-aa24-c242feff8fa3}</UniqueIdentifier>
    </Filter>
  </ItemGroup>
  <ItemGroup>
    <ClInclude Include="function.h">
      <Filter>Header Files\core</Filter>
    </ClInclude>
    <ClInclude Include="kScience.h">
      <Filter>Header Files\core</Filter>
    </ClInclude>
    <ClInclude Include="point.h">
      <Filter>Header Files\core</Filter>
    </ClInclude>
    <ClInclude Include="region.h">
      <Filter>Header Files\core</Filter>
    </ClInclude>
    <ClInclude Include="drawable.h">
      <Filter>Header Files\graphics</Filter>
    </ClInclude>
    <ClInclude Include="graphics.h">
      <Filter>Header Files\graphics</Filter>
    </ClInclude>
    <ClInclude Include="functionDrawable.h">
      <Filter>Header Files\graphics</Filter>
    </ClInclude>
    <ClInclude Include="plot_control.h">
      <Filter>Header Files\graphics</Filter>
    </ClInclude>
    <ClInclude Include="aputils.h">
      <Filter>Header Files\apfloat</Filter>
    </ClInclude>
    <ClInclude Include="graphics_thread.h">
      <Filter>Header Files\graphics</Filter>
    </ClInclude>
    <ClInclude Include="thread.h">
      <Filter>Header Files\core</Filter>
    </ClInclude>
    <ClInclude Include="decimal.h">
      <Filter>Header Files\math</Filter>
    </ClInclude>
    <ClInclude Include="math.h">
      <Filter>Header Files\math</Filter>
    </ClInclude>
    <ClInclude Include="sfloat.h">
      <Filter>Header Files\math</Filter>
    </ClInclude>
  </ItemGroup>
  <ItemGroup>
    <ClCompile Include="plot_control.cpp">
      <Filter>Source Files</Filter>
    </ClCompile>
    <ClCompile Include="thread.cpp">
      <Filter>Source Files</Filter>
    </ClCompile>
    <ClCompile Include="graphics_thread.cpp">
      <Filter>Source Files</Filter>
    </ClCompile>
    <ClCompile Include="decimal.cpp">
      <Filter>Source Files</Filter>
    </ClCompile>
  </ItemGroup>
</Project>