
Microsoft Visual Studio Solution File, Format Version 12.00
# Visual Studio 2013
VisualStudioVersion = 12.0.30501.0
MinimumVisualStudioVersion = 10.0.40219.1
Project("{8BC9CEB8-8B4A-11D0-8D11-00A0C91BC942}") = "ballistic", "NA Applications - Problem 1. Ballistic Missile.vcxproj", "{D7F14E36-6CBF-42DA-AFFE-71AB4DCCB6E2}"
	ProjectSection(ProjectDependencies) = postProject
		{2B3FD624-7CD8-4887-8158-C305A5DE61F0} = {2B3FD624-7CD8-4887-8158-C305A5DE61F0}
	EndProjectSection
EndProject
Project("{8BC9CEB8-8B4A-11D0-8D11-00A0C91BC942}") = "kScience", "..\..\lib\kScience\kScience.vcxproj", "{2B3FD624-7CD8-4887-8158-C305A5DE61F0}"
EndProject
Global
	GlobalSection(SolutionConfigurationPlatforms) = preSolution
		Debug|Win32 = Debug|Win32
		Release|Win32 = Release|Win32
	EndGlobalSection
	GlobalSection(ProjectConfigurationPlatforms) = postSolution
		{D7F14E36-6CBF-42DA-AFFE-71AB4DCCB6E2}.Debug|Win32.ActiveCfg = Debug|Win32
		{D7F14E36-6CBF-42DA-AFFE-71AB4DCCB6E2}.Debug|Win32.Build.0 = Debug|Win32
		{D7F14E36-6CBF-42DA-AFFE-71AB4DCCB6E2}.Release|Win32.ActiveCfg = Release|Win32
		{D7F14E36-6CBF-42DA-AFFE-71AB4DCCB6E2}.Release|Win32.Build.0 = Release|Win32
		{2B3FD624-7CD8-4887-8158-C305A5DE61F0}.Debug|Win32.ActiveCfg = Debug|Win32
		{2B3FD624-7CD8-4887-8158-C305A5DE61F0}.Debug|Win32.Build.0 = Debug|Win32
		{2B3FD624-7CD8-4887-8158-C305A5DE61F0}.Release|Win32.ActiveCfg = Release|Win32
		{2B3FD624-7CD8-4887-8158-C305A5DE61F0}.Release|Win32.Build.0 = Release|Win32
	EndGlobalSection
	GlobalSection(SolutionProperties) = preSolution
		HideSolutionNode = FALSE
	EndGlobalSection
EndGlobal
